---
version: 1
cacheKey: 0
---

# This file is generated by running "ocebuild" inside your project.
# Manual changes might be lost - proceed with caution!

dependencies:
  ACPI:
    SSDT-ChromeKeys:
      path: './ACPI/SSDT-ChromeKeys.dsl'
      resolution: 'SSDT-ChromeKeys@file:ACPI/SSDT-ChromeKeys.dsl#checksum=c7cba8abc5c28e2023d98b295980a40536806035a2158267ad23650bbe4b1022'
      specifier: 'SSDT-ChromeKeys@file:ACPI/SSDT-ChromeKeys.dsl'
      kind: SSDT
      revision: '{ SHA256: c7cba8abc5c28e2023d98b295980a40536806035a2158267ad23650bbe4b1022 }'
    SSDT-Devices:
      path: './ACPI/SSDT-Devices.dsl'
      resolution: 'SSDT-Devices@file:ACPI/SSDT-Devices.dsl#checksum=fea5069a418d112729ffa6b0820b8f486132557f016d4c90b351316b3d80e728'
      specifier: 'SSDT-Devices@file:ACPI/SSDT-Devices.dsl'
      kind: SSDT
      revision: '{ SHA256: fea5069a418d112729ffa6b0820b8f486132557f016d4c90b351316b3d80e728 }'
    SSDT-EC-USBX:
      path: './ACPI/SSDT-EC-USBX.dsl'
      resolution: 'SSDT-EC-USBX@file:ACPI/SSDT-EC-USBX.dsl#checksum=ed08f5d2e1aee1d684e58ab0c9aca5607fbbe6256420133d66c3b75459b4f602'
      specifier: 'SSDT-EC-USBX@file:ACPI/SSDT-EC-USBX.dsl'
      kind: SSDT
      revision: '{ SHA256: ed08f5d2e1aee1d684e58ab0c9aca5607fbbe6256420133d66c3b75459b4f602 }'
    SSDT-Fake-ALS:
      path: './ACPI/SSDT-Fake-ALS.dsl'
      resolution: 'SSDT-Fake-ALS@file:ACPI/SSDT-Fake-ALS.dsl#checksum=967758ba8003042ddeeadf3de2e1cb53bf052b4d5b24d03399dc58b098d0f89e'
      specifier: 'SSDT-Fake-ALS@file:ACPI/SSDT-Fake-ALS.dsl'
      kind: SSDT
      revision: '{ SHA256: 967758ba8003042ddeeadf3de2e1cb53bf052b4d5b24d03399dc58b098d0f89e }'
    SSDT-I2C:
      path: './ACPI/SSDT-I2C.dsl'
      resolution: 'SSDT-I2C@file:ACPI/SSDT-I2C.dsl#checksum=a38592d2a3f145604831933894881c9c369c2462e6c70a1213aeb134306e8135'
      specifier: 'SSDT-I2C@file:ACPI/SSDT-I2C.dsl'
      kind: SSDT
      revision: '{ SHA256: a38592d2a3f145604831933894881c9c369c2462e6c70a1213aeb134306e8135 }'
    SSDT-PLUG-ALT:
      path: './ACPI/SSDT-PLUG-ALT.dsl'
      resolution: 'SSDT-PLUG-ALT@file:ACPI/SSDT-PLUG-ALT.dsl#checksum=19b6c3dacb996fba722585836b2399e0c7f22cb62df0a0544efcb40071eab086'
      specifier: 'SSDT-PLUG-ALT@file:ACPI/SSDT-PLUG-ALT.dsl'
      kind: SSDT
      revision: '{ SHA256: 19b6c3dacb996fba722585836b2399e0c7f22cb62df0a0544efcb40071eab086 }'
    SSDT-PNLF:
      path: './ACPI/SSDT-PNLF.dsl'
      resolution: 'SSDT-PNLF@file:ACPI/SSDT-PNLF.dsl#checksum=fde6576f6644f87a844191b82b625723743d6831923d237f0707d305d919e484'
      specifier: 'SSDT-PNLF@file:ACPI/SSDT-PNLF.dsl'
      kind: SSDT
      revision: '{ SHA256: fde6576f6644f87a844191b82b625723743d6831923d237f0707d305d919e484 }'
  Kexts:
    AirportItlwm-Catalina:
      build: RELEASE
      version: 2.3.0
      url: 'https://github.com/OpenIntelWireless/itlwm/releases/download/v2.3.0/AirportItlwm_v2.3.0_stable_Catalina.kext.zip'
      resolution: 'OpenIntelWireless/itlwm@github:2.3.0#commit=4ac4c79bc7e34f8764038fc382630a29eb46213d'
      specifier: 'OpenIntelWireless/itlwm@github:^2.2.0'
      kind: Kext
      revision: '{ SHA1: 4ac4c79bc7e34f8764038fc382630a29eb46213d }'
    AirportItlwm-Sonoma14.4:
      build: RELEASE
      version: 2.3.0
      url: 'https://github.com/OpenIntelWireless/itlwm/releases/download/v2.3.0/AirportItlwm_v2.3.0_stable_Sonoma14.4.kext.zip'
      resolution: 'OpenIntelWireless/itlwm@github:2.3.0#commit=4ac4c79bc7e34f8764038fc382630a29eb46213d'
      specifier: 'OpenIntelWireless/itlwm@github:^2.2.0'
      kind: Kext
      revision: '{ SHA1: 4ac4c79bc7e34f8764038fc382630a29eb46213d }'
    BlueToolFixup:
      build: RELEASE
      version: 2.6.9
      url: 'https://github.com/acidanthera/BrcmPatchRAM/releases/download/2.6.9/BrcmPatchRAM-2.6.9-DEBUG.zip'
      resolution: 'acidanthera/BrcmPatchRAM@github:2.6.9#commit=15f52d12b3ff6715a64fe373946e62d04d95bf16'
      specifier: 'acidanthera/BrcmPatchRAM@github:latest'
      kind: Kext
      revision: '{ SHA1: 15f52d12b3ff6715a64fe373946e62d04d95bf16 }'
    ChultraDPTF:
      path: ./Kexts/ChultraDPTF.kext
      resolution: 'ChultraDPTF@file:Kexts/ChultraDPTF.kext#checksum=add73a33797b4723da075de6c0c7cbabb7170111275efa248a4f59d48333d58c'
      specifier: 'ChultraDPTF@file:Kexts/ChultraDPTF.kext'
      kind: Kext
      revision: '{ SHA256: add73a33797b4723da075de6c0c7cbabb7170111275efa248a4f59d48333d58c }'
    CrosEC:
      build: RELEASE
      version: 1.0.1
      url: 'https://github.com/Chromeintosh/CrosEC/releases/download/1.0.1/CrosEC-1.0.1-RELEASE.zip'
      resolution: '1Revenger1/CrosEC@github:1.0.1#commit=e810fdee23b8cbab83e5c3a3777b145711d19b4a'
      specifier: '1Revenger1/CrosEC@github:latest'
      kind: Kext
      revision: '{ SHA1: e810fdee23b8cbab83e5c3a3777b145711d19b4a }'
    ECEnabler:
      build: RELEASE
      version: 1.0.5
      url: 'https://github.com/1Revenger1/ECEnabler/releases/download/1.0.5/ECEnabler-1.0.5-RELEASE.zip'
      resolution: '1Revenger1/ECEnabler@github:1.0.5#commit=bd81da698fdd2012d7508595113efcb7d9a6d990'
      specifier: '1Revenger1/ECEnabler@github:latest'
      kind: Kext
      revision: '{ SHA1: bd81da698fdd2012d7508595113efcb7d9a6d990 }'
    IntelBTPatcher:
      build: RELEASE
      version: 2.4.0
      url: 'https://github.com/OpenIntelWireless/IntelBluetoothFirmware/releases/download/v2.4.0/IntelBluetooth-v2.4.0.zip'
      resolution: 'OpenIntelWireless/IntelBluetoothFirmware@github:2.4.0#commit=b9127f5e1ede477577470cc4d4f55134a2901f5b'
      specifier: 'OpenIntelWireless/IntelBluetoothFirmware@github:latest'
      kind: Kext
      revision: '{ SHA1: b9127f5e1ede477577470cc4d4f55134a2901f5b }'
    IntelBluetoothFirmware:
      build: RELEASE
      version: 2.5.0
      url: 'https://github.com/dortania/build-repo/releases/download/IntelBluetoothFirmware-01cc180/IntelBluetoothFirmware-2.5.0-RELEASE.zip'
      resolution: 'acidanthera/IntelBluetoothFirmware@github:2.5.0#commit=01cc1806d71f5cc64c464851b9f4811a3e7b4791'
      specifier: 'acidanthera/IntelBluetoothFirmware@github'
      kind: Kext
      revision: '{ SHA1: 01cc1806d71f5cc64c464851b9f4811a3e7b4791 }'
    KledTouchscreen:
      path: ./Kexts/KledTouchscreen.kext
      resolution: 'KledTouchscreen@file:Kexts/KledTouchscreen.kext#checksum=09664c89c4c72e83c67ec7c778df6b641b573e0d99ee29ef4fca02dff44a85ee'
      specifier: 'KledTouchscreen@file:Kexts/KledTouchscreen.kext'
      kind: Kext
      revision: '{ SHA256: 09664c89c4c72e83c67ec7c778df6b641b573e0d99ee29ef4fca02dff44a85ee }'
    Lilu:
      build: RELEASE
      version: 1.7.0
      url: 'https://github.com/dortania/build-repo/releases/download/Lilu-f32ae0f/Lilu-1.7.0-RELEASE.zip'
      resolution: 'acidanthera/Lilu@github:1.7.0#commit=f32ae0f11d10857f4b4c0f03440bca7c2e2a1793'
      specifier: 'acidanthera/Lilu@github'
      kind: Kext
      revision: '{ SHA1: f32ae0f11d10857f4b4c0f03440bca7c2e2a1793 }'
    NVMeFix:
      build: RELEASE
      version: 1.1.2
      url: 'https://github.com/dortania/build-repo/releases/download/NVMeFix-8680dde/NVMeFix-1.1.2-RELEASE.zip'
      resolution: 'acidanthera/NVMeFix@github:1.1.2#commit=8680ddeab13ca176b263590222cd9d5e9afa69a8'
      specifier: 'acidanthera/NVMeFix@github'
      kind: Kext
      revision: '{ SHA1: 8680ddeab13ca176b263590222cd9d5e9afa69a8 }'
    VirtualSMC:
      build: RELEASE
      version: 1.3.4
      url: 'https://github.com/dortania/build-repo/releases/download/VirtualSMC-c6da306/VirtualSMC-1.3.4-RELEASE.zip'
      resolution: 'acidanthera/VirtualSMC@github:1.3.4#commit=c6da306bf075fe912e89c15b88bb95a691bebec3'
      specifier: 'acidanthera/VirtualSMC@github'
      kind: Kext
      revision: '{ SHA1: c6da306bf075fe912e89c15b88bb95a691bebec3 }'
    VoodooI2C:
      build: RELEASE
      version: 2.9.1
      url: 'https://github.com/VoodooI2C/VoodooI2C/releases/download/v2.9.1/VoodooI2C-2.9.1-RELEASE.zip'
      resolution: 'VoodooI2C/VoodooI2C@github:2.9.1#commit=e3ac3ed207170c39db88d6a67a76cc9fd3a1895a'
      specifier: 'VoodooI2C/VoodooI2C@github:^2.9.1'
      kind: Kext
      revision: '{ SHA1: e3ac3ed207170c39db88d6a67a76cc9fd3a1895a }'
    VoodooPS2Controller:
      build: RELEASE
      version: 3.0.1
      url: 'https://github.com/1Revenger1/VoodooPS2/releases/download/3.0.1/VoodooPS2Controller-3.0.1-RELEASE.zip'
      resolution: '1Revenger1/VoodooPS2@github:3.0.1#commit=860783a8d856be7cd2ee84449feee59b1929e392'
      specifier: '1Revenger1/VoodooPS2@github:^3.0.1'
      kind: Kext
      revision: '{ SHA1: 860783a8d856be7cd2ee84449feee59b1929e392 }'
    WhateverGreen:
      build: RELEASE
      version: 1.6.9
      url: 'https://github.com/dortania/build-repo/releases/download/WhateverGreen-9818f96/WhateverGreen-1.6.9-RELEASE.zip'
      resolution: 'acidanthera/WhateverGreen@github:1.6.9#commit=9818f96b131c444b8a5dbabf90195f8c0a8f24a8'
      specifier: 'acidanthera/WhateverGreen@github'
      kind: Kext
      revision: '{ SHA1: 9818f96b131c444b8a5dbabf90195f8c0a8f24a8 }'
  OpenCorePkg:
    OcBinaryData:
      build: RELEASE
      url: 'https://github.com/acidanthera/OcBinaryData/archive/af09b0bf763363ec9f4ecdbbe2f0adeb970948d8.tar.gz'
      resolution: 'acidanthera/OcBinaryData@github#commit=af09b0bf763363ec9f4ecdbbe2f0adeb970948d8'
      specifier: 'acidanthera/OcBinaryData@github:latest'
      kind: Binary
      revision: '{ SHA1: af09b0bf763363ec9f4ecdbbe2f0adeb970948d8 }'
    OpenCore:
      build: RELEASE
      version: 1.0.3
      url: 'https://github.com/acidanthera/OpenCorePkg/releases/download/1.0.3/OpenCore-1.0.3-RELEASE.zip'
      resolution: 'acidanthera/OpenCorePkg@github:1.0.3#commit=9163821d812972705854c9b1117322b8d8eed5a2'
      specifier: 'acidanthera/OpenCorePkg@github:latest'
      kind: Binary
      revision: '{ SHA1: 9163821d812972705854c9b1117322b8d8eed5a2 }'