---
version: 1
cacheKey: 0
---

# This file is generated by running "ocebuild" inside your project.
# Manual changes might be lost - proceed with caution!

dependencies:
  ACPI:
    SSDT-ChromeKeys:
      path: './ACPI/SSDT-ChromeKeys.dsl'
      resolution: 'SSDT-ChromeKeys@file:ACPI/SSDT-ChromeKeys.dsl#checksum=f6e191f5d48f3f57a831e3813b3b13c4cac7a70b705e20eceb3b1f756beb71dd'
      specifier: 'SSDT-ChromeKeys@file:ACPI/SSDT-ChromeKeys.dsl'
      kind: SSDT
      revision: '{ SHA256: f6e191f5d48f3f57a831e3813b3b13c4cac7a70b705e20eceb3b1f756beb71dd }'
    SSDT-Devices:
      path: './ACPI/SSDT-Devices.dsl'
      resolution: 'SSDT-Devices@file:ACPI/SSDT-Devices.dsl#checksum=29a14b0205ce61120637cd414edc2b443b6f30c27d58f464ba483f5c72f276da'
      specifier: 'SSDT-Devices@file:ACPI/SSDT-Devices.dsl'
      kind: SSDT
      revision: '{ SHA256: 29a14b0205ce61120637cd414edc2b443b6f30c27d58f464ba483f5c72f276da }'
    SSDT-EC-USBX:
      path: './ACPI/SSDT-EC-USBX.dsl'
      resolution: 'SSDT-EC-USBX@file:ACPI/SSDT-EC-USBX.dsl#checksum=6b8e7cd6ddd5911edf1b9016a4bf3faf8056d8f9ac4c894814e5a99ae7689b7b'
      specifier: 'SSDT-EC-USBX@file:ACPI/SSDT-EC-USBX.dsl'
      kind: SSDT
      revision: '{ SHA256: 6b8e7cd6ddd5911edf1b9016a4bf3faf8056d8f9ac4c894814e5a99ae7689b7b }'
    SSDT-Fake-ALS:
      path: './ACPI/SSDT-Fake-ALS.dsl'
      resolution: 'SSDT-Fake-ALS@file:ACPI/SSDT-Fake-ALS.dsl#checksum=f31c42db08b5eb5ca07a10cf6b86299644e5a4f8cfc3db9dbb35bebf6d97bb31'
      specifier: 'SSDT-Fake-ALS@file:ACPI/SSDT-Fake-ALS.dsl'
      kind: SSDT
      revision: '{ SHA256: f31c42db08b5eb5ca07a10cf6b86299644e5a4f8cfc3db9dbb35bebf6d97bb31 }'
    SSDT-I2C:
      path: './ACPI/SSDT-I2C.dsl'
      resolution: 'SSDT-I2C@file:ACPI/SSDT-I2C.dsl#checksum=fa9335efc25e9f7adf4f5261ca4b1088a66841c125c9f1f318c4b8c34db39370'
      specifier: 'SSDT-I2C@file:ACPI/SSDT-I2C.dsl'
      kind: SSDT
      revision: '{ SHA256: fa9335efc25e9f7adf4f5261ca4b1088a66841c125c9f1f318c4b8c34db39370 }'
    SSDT-PLUG-ALT:
      path: './ACPI/SSDT-PLUG-ALT.dsl'
      resolution: 'SSDT-PLUG-ALT@file:ACPI/SSDT-PLUG-ALT.dsl#checksum=755291697a220bba19ba5ee6539cfff6bea82c90b6bcf6c5a1756524acc30ac1'
      specifier: 'SSDT-PLUG-ALT@file:ACPI/SSDT-PLUG-ALT.dsl'
      kind: SSDT
      revision: '{ SHA256: 755291697a220bba19ba5ee6539cfff6bea82c90b6bcf6c5a1756524acc30ac1 }'
    SSDT-PNLF:
      path: './ACPI/SSDT-PNLF.dsl'
      resolution: 'SSDT-PNLF@file:ACPI/SSDT-PNLF.dsl#checksum=d728186fb5064bf1dfb0817274b7b462236a8b665ce5976cd95505cdedde372c'
      specifier: 'SSDT-PNLF@file:ACPI/SSDT-PNLF.dsl'
      kind: SSDT
      revision: '{ SHA256: d728186fb5064bf1dfb0817274b7b462236a8b665ce5976cd95505cdedde372c }'
  Kexts:
    AirportItlwm-Catalina:
      build: RELEASE
      version: 2.3.0
      url: 'https://github.com/OpenIntelWireless/itlwm/releases/download/v2.3.0-alpha/AirportItlwm-Catalina-v2.3.0-DEBUG-alpha-ff1138b.zip'
      resolution: 'OpenIntelWireless/itlwm@github:2.3.0#commit=ff1138b026d3198beb9a716f73efe4f4a86ed68b'
      specifier: 'OpenIntelWireless/itlwm@github:^2.2.0'
      kind: Kext
      revision: '{ SHA1: ff1138b026d3198beb9a716f73efe4f4a86ed68b }'
    AirportItlwm-Sonoma:
      build: RELEASE
      version: 2.3.0
      url: 'https://github.com/OpenIntelWireless/itlwm/releases/download/v2.3.0-alpha/AirportItlwm-Sonoma-v2.3.0-DEBUG-alpha-ff1138b.zip'
      resolution: 'OpenIntelWireless/itlwm@github:2.3.0#commit=ff1138b026d3198beb9a716f73efe4f4a86ed68b'
      specifier: 'OpenIntelWireless/itlwm@github:^2.2.0'
      kind: Kext
      revision: '{ SHA1: ff1138b026d3198beb9a716f73efe4f4a86ed68b }'
    BlueToolFixup:
      build: RELEASE
      version: 2.6.8
      url: 'https://github.com/acidanthera/BrcmPatchRAM/releases/download/2.6.8/BrcmPatchRAM-2.6.8-DEBUG.zip'
      resolution: 'acidanthera/BrcmPatchRAM@github:2.6.8#commit=2305aaa145a0021559f444d33a5adaacb6469050'
      specifier: 'acidanthera/BrcmPatchRAM@github:latest'
      kind: Kext
      revision: '{ SHA1: 2305aaa145a0021559f444d33a5adaacb6469050 }'
    ChultraDPTF:
      path: ./Kexts/ChultraDPTF.kext
      resolution: 'ChultraDPTF@file:Kexts/ChultraDPTF.kext#checksum=add73a33797b4723da075de6c0c7cbabb7170111275efa248a4f59d48333d58c'
      specifier: 'ChultraDPTF@file:Kexts/ChultraDPTF.kext'
      kind: Kext
      revision: '{ SHA256: add73a33797b4723da075de6c0c7cbabb7170111275efa248a4f59d48333d58c }'
    CrosEC:
      build: RELEASE
      version: 1.0.0
      url: 'https://github.com/1Revenger1/CrosEC/releases/download/1.0.0/CrosEC-1.0.0-RELEASE.zip'
      resolution: '1Revenger1/CrosEC@github:1.0.0#commit=e5ff3b2abdfaae940ed58a802d72654781ab5163'
      specifier: '1Revenger1/CrosEC@github:latest'
      kind: Kext
      revision: '{ SHA1: e5ff3b2abdfaae940ed58a802d72654781ab5163 }'
    ECEnabler:
      build: RELEASE
      version: 1.0.4
      url: 'https://github.com/1Revenger1/ECEnabler/releases/download/1.0.4/ECEnabler-1.0.4-RELEASE.zip'
      resolution: '1Revenger1/ECEnabler@github:1.0.4#commit=501420f2c01ce28166327a5027567ef6db8f0adc'
      specifier: '1Revenger1/ECEnabler@github:latest'
      kind: Kext
      revision: '{ SHA1: 501420f2c01ce28166327a5027567ef6db8f0adc }'
    IntelBTPatcher:
      build: RELEASE
      version: 2.3.0
      url: 'https://github.com/OpenIntelWireless/IntelBluetoothFirmware/releases/download/v2.3.0/IntelBluetooth-v2.3.0.zip'
      resolution: 'OpenIntelWireless/IntelBluetoothFirmware@github:2.3.0#commit=592507aa8cb3d0df3e524bb869f2836271e4fb48'
      specifier: 'OpenIntelWireless/IntelBluetoothFirmware@github:latest'
      kind: Kext
      revision: '{ SHA1: 592507aa8cb3d0df3e524bb869f2836271e4fb48 }'
    IntelBluetoothFirmware:
      build: RELEASE
      version: 2.4.0
      url: 'https://github.com/dortania/build-repo/releases/download/IntelBluetoothFirmware-dfe0e21/IntelBluetoothFirmware-2.4.0-RELEASE.zip'
      resolution: 'acidanthera/IntelBluetoothFirmware@github:2.4.0#commit=dfe0e21ca84b30abcb582c299cccd637c8bfe38a'
      specifier: 'acidanthera/IntelBluetoothFirmware@github'
      kind: Kext
      revision: '{ SHA1: dfe0e21ca84b30abcb582c299cccd637c8bfe38a }'
    KledTouchscreen:
      path: ./Kexts/KledTouchscreen.kext
      resolution: 'KledTouchscreen@file:Kexts/KledTouchscreen.kext#checksum=09664c89c4c72e83c67ec7c778df6b641b573e0d99ee29ef4fca02dff44a85ee'
      specifier: 'KledTouchscreen@file:Kexts/KledTouchscreen.kext'
      kind: Kext
      revision: '{ SHA256: 09664c89c4c72e83c67ec7c778df6b641b573e0d99ee29ef4fca02dff44a85ee }'
    Lilu:
      build: RELEASE
      version: 1.6.8
      url: 'https://github.com/dortania/build-repo/releases/download/Lilu-472442f/Lilu-1.6.8-RELEASE.zip'
      resolution: 'acidanthera/Lilu@github:1.6.8#commit=472442f344531f88d31628da44f0778655a8e532'
      specifier: 'acidanthera/Lilu@github'
      kind: Kext
      revision: '{ SHA1: 472442f344531f88d31628da44f0778655a8e532 }'
    NVMeFix:
      build: RELEASE
      version: 1.1.2
      url: 'https://github.com/dortania/build-repo/releases/download/NVMeFix-8680dde/NVMeFix-1.1.2-RELEASE.zip'
      resolution: 'acidanthera/NVMeFix@github:1.1.2#commit=8680ddeab13ca176b263590222cd9d5e9afa69a8'
      specifier: 'acidanthera/NVMeFix@github'
      kind: Kext
      revision: '{ SHA1: 8680ddeab13ca176b263590222cd9d5e9afa69a8 }'
    VirtualSMC:
      build: RELEASE
      version: 1.3.3
      url: 'https://github.com/dortania/build-repo/releases/download/VirtualSMC-038200e/VirtualSMC-1.3.3-RELEASE.zip'
      resolution: 'acidanthera/VirtualSMC@github:1.3.3#commit=038200ee31a73b1c038c865a18cfc7ae6384bc53'
      specifier: 'acidanthera/VirtualSMC@github'
      kind: Kext
      revision: '{ SHA1: 038200ee31a73b1c038c865a18cfc7ae6384bc53 }'
    VoodooI2C:
      build: RELEASE
      version: 2.8
      url: 'https://github.com/VoodooI2C/VoodooI2C/releases/download/2.8/VoodooI2C-2.8.zip'
      resolution: 'VoodooI2C/VoodooI2C@github:2.8#commit=17a5f58227a164b426011fd077a5c549766474b3'
      specifier: 'VoodooI2C/VoodooI2C@github:^2.8'
      kind: Kext
      revision: '{ SHA1: 17a5f58227a164b426011fd077a5c549766474b3 }'
    VoodooPS2Controller:
      build: RELEASE
      version: 3.0.1
      url: 'https://github.com/1Revenger1/VoodooPS2/releases/download/3.0.1/VoodooPS2Controller-3.0.1-RELEASE.zip'
      resolution: '1Revenger1/VoodooPS2@github:3.0.1#commit=860783a8d856be7cd2ee84449feee59b1929e392'
      specifier: '1Revenger1/VoodooPS2@github:^3.0.1'
      kind: Kext
      revision: '{ SHA1: 860783a8d856be7cd2ee84449feee59b1929e392 }'
    WhateverGreen:
      build: RELEASE
      version: 1.6.7
      url: 'https://github.com/dortania/build-repo/releases/download/WhateverGreen-1541f13/WhateverGreen-1.6.7-RELEASE.zip'
      resolution: 'acidanthera/WhateverGreen@github:1.6.7#commit=1541f13a5f8c0e80b1f0869ef7e687319d092fa6'
      specifier: 'acidanthera/WhateverGreen@github'
      kind: Kext
      revision: '{ SHA1: 1541f13a5f8c0e80b1f0869ef7e687319d092fa6 }'
  OpenCorePkg:
    OcBinaryData:
      build: RELEASE
      url: 'https://github.com/acidanthera/OcBinaryData/archive/4e7e1b7465aae297d706afe5de5c4d1572d86917.tar.gz'
      resolution: 'acidanthera/OcBinaryData@github#commit=4e7e1b7465aae297d706afe5de5c4d1572d86917'
      specifier: 'acidanthera/OcBinaryData@github:latest'
      kind: Binary
      revision: '{ SHA1: 4e7e1b7465aae297d706afe5de5c4d1572d86917 }'
    OpenCore:
      build: RELEASE
      version: 0.9.5
      url: 'https://github.com/acidanthera/OpenCorePkg/releases/download/0.9.5/OpenCore-0.9.5-RELEASE.zip'
      resolution: 'acidanthera/OpenCorePkg@github:0.9.5#commit=dac51abbab2ce67945092727d32b5a4b2b58b1e7'
      specifier: 'acidanthera/OpenCorePkg@github:latest'
      kind: Binary
      revision: '{ SHA1: dac51abbab2ce67945092727d32b5a4b2b58b1e7 }'